
Microsoft Visual Studio Solution File, Format Version 12.00
# Visual Studio Version 17
VisualStudioVersion = 17.0.32112.339
MinimumVisualStudioVersion = 10.0.40219.1
Project("{9A19103F-16F7-4668-BE54-9A1E7A4F7556}") = "Foodcore", "Foodcore.csproj", "{F1F68FAF-0D31-4F34-B28D-5623DEF5F360}"
EndProject
Global
	GlobalSection(SolutionConfigurationPlatforms) = preSolution
		Debug|Any CPU = Debug|Any CPU
		Release|Any CPU = Release|Any CPU
	EndGlobalSection
	GlobalSection(ProjectConfigurationPlatforms) = postSolution
		{F1F68FAF-0D31-4F34-B28D-5623DEF5F360}.Debug|Any CPU.ActiveCfg = Debug|Any CPU
		{F1F68FAF-0D31-4F34-B28D-5623DEF5F360}.Debug|Any CPU.Build.0 = Debug|Any CPU
		{F1F68FAF-0D31-4F34-B28D-5623DEF5F360}.Release|Any CPU.ActiveCfg = Release|Any CPU
		{F1F68FAF-0D31-4F34-B28D-5623DEF5F360}.Release|Any CPU.Build.0 = Release|Any CPU
	EndGlobalSection
	GlobalSection(SolutionProperties) = preSolution
		HideSolutionNode = FALSE
	EndGlobalSection
	GlobalSection(ExtensibilityGlobals) = postSolution
		SolutionGuid = {ECC888EC-4C6F-4CE2-8F4D-5B69192ECD35}
	EndGlobalSection
EndGlobal
